
Microsoft Visual Studio Solution File, Format Version 12.00
# Visual Studio 15
VisualStudioVersion = 15.0.28307.705
MinimumVisualStudioVersion = 10.0.40219.1
Project("{FAE04EC0-301F-11D3-BF4B-00C04F79EFBC}") = "MVCVISTA", "MVCVISTA\MVCVISTA.csproj", "{9552A884-D460-433E-83EB-6B1601BFAAC9}"
EndProject
Project("{FAE04EC0-301F-11D3-BF4B-00C04F79EFBC}") = "Modelo", "Modelo\Modelo.csproj", "{BDA92172-9541-4434-918C-B05E5B64D916}"
EndProject
Project("{FAE04EC0-301F-11D3-BF4B-00C04F79EFBC}") = "Controlador", "Controlador\Controlador.csproj", "{D85E6CBD-C3E7-49C1-97E1-5344D3863D04}"
EndProject
Global
	GlobalSection(SolutionConfigurationPlatforms) = preSolution
		Debug|Any CPU = Debug|Any CPU
		Release|Any CPU = Release|Any CPU
	EndGlobalSection
	GlobalSection(ProjectConfigurationPlatforms) = postSolution
		{9552A884-D460-433E-83EB-6B1601BFAAC9}.Debug|Any CPU.ActiveCfg = Debug|Any CPU
		{9552A884-D460-433E-83EB-6B1601BFAAC9}.Debug|Any CPU.Build.0 = Debug|Any CPU
		{9552A884-D460-433E-83EB-6B1601BFAAC9}.Release|Any CPU.ActiveCfg = Release|Any CPU
		{9552A884-D460-433E-83EB-6B1601BFAAC9}.Release|Any CPU.Build.0 = Release|Any CPU
		{BDA92172-9541-4434-918C-B05E5B64D916}.Debug|Any CPU.ActiveCfg = Debug|Any CPU
		{BDA92172-9541-4434-918C-B05E5B64D916}.Debug|Any CPU.Build.0 = Debug|Any CPU
		{BDA92172-9541-4434-918C-B05E5B64D916}.Release|Any CPU.ActiveCfg = Release|Any CPU
		{BDA92172-9541-4434-918C-B05E5B64D916}.Release|Any CPU.Build.0 = Release|Any CPU
		{D85E6CBD-C3E7-49C1-97E1-5344D3863D04}.Debug|Any CPU.ActiveCfg = Debug|Any CPU
		{D85E6CBD-C3E7-49C1-97E1-5344D3863D04}.Debug|Any CPU.Build.0 = Debug|Any CPU
		{D85E6CBD-C3E7-49C1-97E1-5344D3863D04}.Release|Any CPU.ActiveCfg = Release|Any CPU
		{D85E6CBD-C3E7-49C1-97E1-5344D3863D04}.Release|Any CPU.Build.0 = Release|Any CPU
	EndGlobalSection
	GlobalSection(SolutionProperties) = preSolution
		HideSolutionNode = FALSE
	EndGlobalSection
	GlobalSection(ExtensibilityGlobals) = postSolution
		SolutionGuid = {FEB25A75-FA24-49C7-85A5-6D6E5E75F851}
	EndGlobalSection
EndGlobal
